{
  "nodes": {
    "flake-utils": {
      "inputs": {
        "systems": "systems"
      },
      "locked": {
        "lastModified": 1731533236,
        "narHash": "sha256-l0KFg5HjrsfsO/JpG+r7fRrqm12kzFHyUHqHCVpMMbI=",
        "owner": "numtide",
        "repo": "flake-utils",
        "rev": "11707dc2f618dd54ca8739b309ec4fc024de578b",
        "type": "github"
      },
      "original": {
        "owner": "numtide",
        "repo": "flake-utils",
        "type": "github"
      }
    },
    "nixgl": {
      "inputs": {
        "flake-utils": "flake-utils",
        "nixpkgs": [
          "nixpkgs"
        ]
      },
      "locked": {
        "lastModified": 1762090880,
        "narHash": "sha256-fbRQzIGPkjZa83MowjbD2ALaJf9y6KMDdJBQMKFeY/8=",
        "owner": "guibou",
        "repo": "nixGL",
        "rev": "b6105297e6f0cd041670c3e8628394d4ee247ed5",
        "type": "github"
      },
      "original": {
        "owner": "guibou",
        "repo": "nixGL",
        "type": "github"
      }
    },
    "nixpkgs": {
      "locked": {
        "lastModified": 1768569498,
        "narHash": "sha256-bB6Nt99Cj8Nu5nIUq0GLmpiErIT5KFshMQJGMZwgqUo=",
        "owner": "NixOS",
        "repo": "nixpkgs",
        "rev": "be5afa0fcb31f0a96bf9ecba05a516c66fcd8114",
        "type": "github"
      },
      "original": {
        "owner": "NixOS",
        "ref": "nixpkgs-unstable",
        "repo": "nixpkgs",
        "type": "github"
      }
    },
    "root": {
      "inputs": {
        "nixgl": "nixgl",
        "nixpkgs": "nixpkgs",
        "shuvlog": "shuvlog",
        "yml-parser": "yml-parser"
      }
    },
    "shuvlog": {
      "flake": false,
      "locked": {
        "lastModified": 1765750635,
        "narHash": "sha256-u9+/5XGXcLSUmqtaZTwXMJhm14uEX+4Ygftn3qxVpkg=",
        "owner": "lypitech",
        "repo": "shuvlog",
        "rev": "0a81e259e91b9679e22714635b77e04b1d16aa1f",
        "type": "github"
      },
      "original": {
        "owner": "lypitech",
        "repo": "shuvlog",
        "rev": "0a81e259e91b9679e22714635b77e04b1d16aa1f",
        "type": "github"
      }
    },
    "systems": {
      "locked": {
        "lastModified": 1681028828,
        "narHash": "sha256-Vy1rq5AaRuLzOxct8nz4T6wlgyUR7zLU309k9mBC768=",
        "owner": "nix-systems",
        "repo": "default",
        "rev": "da67096a3b9bf56a91d16901293e51ba5b49a27e",
        "type": "github"
      },
      "original": {
        "owner": "nix-systems",
        "repo": "default",
        "type": "github"
      }
    },
    "yml-parser": {
      "flake": false,
      "locked": {
        "lastModified": 1763571958,
        "narHash": "sha256-xCXSKUuBs3IKZtpzONKcqwYpnbuY3ozgHDL2/0cXZtA=",
        "owner": "lypitech",
        "repo": "yml-parser",
        "rev": "f857e76a0e31676926094da4518475b7bc508ff8",
        "type": "github"
      },
      "original": {
        "owner": "lypitech",
        "repo": "yml-parser",
        "rev": "f857e76a0e31676926094da4518475b7bc508ff8",
        "type": "github"
      }
    }
  },
  "root": "root",
  "version": 7
}
